
Microsoft Visual Studio Solution File, Format Version 12.00
# Visual Studio Version 17
VisualStudioVersion = 17.8.34316.72
MinimumVisualStudioVersion = 10.0.40219.1
Project("{FAE04EC0-301F-11D3-BF4B-00C04F79EFBC}") = "ManagementWebApp", "ManagementWebApp\ManagementWebApp.csproj", "{F094279F-38CF-4ED3-BCC4-050F0DC2EA70}"
EndProject
Global
	GlobalSection(SolutionConfigurationPlatforms) = preSolution
		Debug|Any CPU = Debug|Any CPU
		Release|Any CPU = Release|Any CPU
	EndGlobalSection
	GlobalSection(ProjectConfigurationPlatforms) = postSolution
		{F094279F-38CF-4ED3-BCC4-050F0DC2EA70}.Debug|Any CPU.ActiveCfg = Debug|Any CPU
		{F094279F-38CF-4ED3-BCC4-050F0DC2EA70}.Debug|Any CPU.Build.0 = Debug|Any CPU
		{F094279F-38CF-4ED3-BCC4-050F0DC2EA70}.Release|Any CPU.ActiveCfg = Release|Any CPU
		{F094279F-38CF-4ED3-BCC4-050F0DC2EA70}.Release|Any CPU.Build.0 = Release|Any CPU
	EndGlobalSection
	GlobalSection(SolutionProperties) = preSolution
		HideSolutionNode = FALSE
	EndGlobalSection
	GlobalSection(ExtensibilityGlobals) = postSolution
		SolutionGuid = {5D1425EC-7880-4808-AD20-B3BC34E82D54}
	EndGlobalSection
EndGlobal
